// !$*UTF8*$!
{
	archiveVersion = 1;
	classes = {
	};
	objectVersion = 77;
	objects = {

/* Begin PBXContainerItemProxy section */
		268520C52D1D5F7F002517EC /* PBXContainerItemProxy */ = {
			isa = PBXContainerItemProxy;
			containerPortal = 268520AD2D1D5F7D002517EC /* Project object */;
			proxyType = 1;
			remoteGlobalIDString = 268520B42D1D5F7D002517EC;
			remoteInfo = TestOpenAlias;
		};
		268520CF2D1D5F7F002517EC /* PBXContainerItemProxy */ = {
			isa = PBXContainerItemProxy;
			containerPortal = 268520AD2D1D5F7D002517EC /* Project object */;
			proxyType = 1;
			remoteGlobalIDString = 268520B42D1D5F7D002517EC;
			remoteInfo = TestOpenAlias;
		};
/* End PBXContainerItemProxy section */

/* Begin PBXFileReference section */
		268520B52D1D5F7D002517EC /* TestOpenAlias.app */ = {isa = PBXFileReference; explicitFileType = wrapper.application; includeInIndex = 0; path = TestOpenAlias.app; sourceTree = BUILT_PRODUCTS_DIR; };
		268520C42D1D5F7F002517EC /* TestOpenAliasTests.xctest */ = {isa = PBXFileReference; explicitFileType = wrapper.cfbundle; includeInIndex = 0; path = TestOpenAliasTests.xctest; sourceTree = BUILT_PRODUCTS_DIR; };
		268520CE2D1D5F7F002517EC /* TestOpenAliasUITests.xctest */ = {isa = PBXFileReference; explicitFileType = wrapper.cfbundle; includeInIndex = 0; path = TestOpenAliasUITests.xctest; sourceTree = BUILT_PRODUCTS_DIR; };
/* End PBXFileReference section */

/* Begin PBXFileSystemSynchronizedRootGroup section */
		268520B72D1D5F7D002517EC /* TestOpenAlias */ = {
			isa = PBXFileSystemSynchronizedRootGroup;
			path = TestOpenAlias;
			sourceTree = "<group>";
		};
		268520C72D1D5F7F002517EC /* TestOpenAliasTests */ = {
			isa = PBXFileSystemSynchronizedRootGroup;
			path = TestOpenAliasTests;
			sourceTree = "<group>";
		};
		268520D12D1D5F7F002517EC /* TestOpenAliasUITests */ = {
			isa = PBXFileSystemSynchronizedRootGroup;
			path = TestOpenAliasUITests;
			sourceTree = "<group>";
		};
/* End PBXFileSystemSynchronizedRootGroup section */

/* Begin PBXFrameworksBuildPhase section */
		268520B22D1D5F7D002517EC /* Frameworks */ = {
			isa = PBXFrameworksBuildPhase;
			buildActionMask = 2147483647;
			files = (
			);
			runOnlyForDeploymentPostprocessing = 0;
		};
		268520C12D1D5F7F002517EC /* Frameworks */ = {
			isa = PBXFrameworksBuildPhase;
			buildActionMask = 2147483647;
			files = (
			);
			runOnlyForDeploymentPostprocessing = 0;
		};
		268520CB2D1D5F7F002517EC /* Frameworks */ = {
			isa = PBXFrameworksBuildPhase;
			buildActionMask = 2147483647;
			files = (
			);
			runOnlyForDeploymentPostprocessing = 0;
		};
/* End PBXFrameworksBuildPhase section */

/* Begin PBXGroup section */
		268520AC2D1D5F7D002517EC = {
			isa = PBXGroup;
			children = (
				268520B72D1D5F7D002517EC /* TestOpenAlias */,
				268520C72D1D5F7F002517EC /* TestOpenAliasTests */,
				268520D12D1D5F7F002517EC /* TestOpenAliasUITests */,
				268520B62D1D5F7D002517EC /* Products */,
			);
			sourceTree = "<group>";
		};
		268520B62D1D5F7D002517EC /* Products */ = {
			isa = PBXGroup;
			children = (
				268520B52D1D5F7D002517EC /* TestOpenAlias.app */,
				268520C42D1D5F7F002517EC /* TestOpenAliasTests.xctest */,
				268520CE2D1D5F7F002517EC /* TestOpenAliasUITests.xctest */,
			);
			name = Products;
			sourceTree = "<group>";
		};
/* End PBXGroup section */

/* Begin PBXNativeTarget section */
		268520B42D1D5F7D002517EC /* TestOpenAlias */ = {
			isa = PBXNativeTarget;
			buildConfigurationList = 268520D82D1D5F7F002517EC /* Build configuration list for PBXNativeTarget "TestOpenAlias" */;
			buildPhases = (
				268520B12D1D5F7D002517EC /* Sources */,
				268520B22D1D5F7D002517EC /* Frameworks */,
				268520B32D1D5F7D002517EC /* Resources */,
			);
			buildRules = (
			);
			dependencies = (
			);
			fileSystemSynchronizedGroups = (
				268520B72D1D5F7D002517EC /* TestOpenAlias */,
			);
			name = TestOpenAlias;
			packageProductDependencies = (
			);
			productName = TestOpenAlias;
			productReference = 268520B52D1D5F7D002517EC /* TestOpenAlias.app */;
			productType = "com.apple.product-type.application";
		};
		268520C32D1D5F7F002517EC /* TestOpenAliasTests */ = {
			isa = PBXNativeTarget;
			buildConfigurationList = 268520DB2D1D5F7F002517EC /* Build configuration list for PBXNativeTarget "TestOpenAliasTests" */;
			buildPhases = (
				268520C02D1D5F7F002517EC /* Sources */,
				268520C12D1D5F7F002517EC /* Frameworks */,
				268520C22D1D5F7F002517EC /* Resources */,
			);
			buildRules = (
			);
			dependencies = (
				268520C62D1D5F7F002517EC /* PBXTargetDependency */,
			);
			fileSystemSynchronizedGroups = (
				268520C72D1D5F7F002517EC /* TestOpenAliasTests */,
			);
			name = TestOpenAliasTests;
			packageProductDependencies = (
			);
			productName = TestOpenAliasTests;
			productReference = 268520C42D1D5F7F002517EC /* TestOpenAliasTests.xctest */;
			productType = "com.apple.product-type.bundle.unit-test";
		};
		268520CD2D1D5F7F002517EC /* TestOpenAliasUITests */ = {
			isa = PBXNativeTarget;
			buildConfigurationList = 268520DE2D1D5F7F002517EC /* Build configuration list for PBXNativeTarget "TestOpenAliasUITests" */;
			buildPhases = (
				268520CA2D1D5F7F002517EC /* Sources */,
				268520CB2D1D5F7F002517EC /* Frameworks */,
				268520CC2D1D5F7F002517EC /* Resources */,
			);
			buildRules = (
			);
			dependencies = (
				268520D02D1D5F7F002517EC /* PBXTargetDependency */,
			);
			fileSystemSynchronizedGroups = (
				268520D12D1D5F7F002517EC /* TestOpenAliasUITests */,
			);
			name = TestOpenAliasUITests;
			packageProductDependencies = (
			);
			productName = TestOpenAliasUITests;
			productReference = 268520CE2D1D5F7F002517EC /* TestOpenAliasUITests.xctest */;
			productType = "com.apple.product-type.bundle.ui-testing";
		};
/* End PBXNativeTarget section */

/* Begin PBXProject section */
		268520AD2D1D5F7D002517EC /* Project object */ = {
			isa = PBXProject;
			attributes = {
				BuildIndependentTargetsInParallel = 1;
				LastSwiftUpdateCheck = 1620;
				LastUpgradeCheck = 1620;
				TargetAttributes = {
					268520B42D1D5F7D002517EC = {
						CreatedOnToolsVersion = 16.2;
					};
					268520C32D1D5F7F002517EC = {
						CreatedOnToolsVersion = 16.2;
						TestTargetID = 268520B42D1D5F7D002517EC;
					};
					268520CD2D1D5F7F002517EC = {
						CreatedOnToolsVersion = 16.2;
						TestTargetID = 268520B42D1D5F7D002517EC;
					};
				};
			};
			buildConfigurationList = 268520B02D1D5F7D002517EC /* Build configuration list for PBXProject "TestOpenAlias" */;
			developmentRegion = en;
			hasScannedForEncodings = 0;
			knownRegions = (
				en,
				Base,
			);
			mainGroup = 268520AC2D1D5F7D002517EC;
			minimizedProjectReferenceProxies = 1;
			preferredProjectObjectVersion = 77;
			productRefGroup = 268520B62D1D5F7D002517EC /* Products */;
			projectDirPath = "";
			projectRoot = "";
			targets = (
				268520B42D1D5F7D002517EC /* TestOpenAlias */,
				268520C32D1D5F7F002517EC /* TestOpenAliasTests */,
				268520CD2D1D5F7F002517EC /* TestOpenAliasUITests */,
			);
		};
/* End PBXProject section */

/* Begin PBXResourcesBuildPhase section */
		268520B32D1D5F7D002517EC /* Resources */ = {
			isa = PBXResourcesBuildPhase;
			buildActionMask = 2147483647;
			files = (
			);
			runOnlyForDeploymentPostprocessing = 0;
		};
		268520C22D1D5F7F002517EC /* Resources */ = {
			isa = PBXResourcesBuildPhase;
			buildActionMask = 2147483647;
			files = (
			);
			runOnlyForDeploymentPostprocessing = 0;
		};
		268520CC2D1D5F7F002517EC /* Resources */ = {
			isa = PBXResourcesBuildPhase;
			buildActionMask = 2147483647;
			files = (
			);
			runOnlyForDeploymentPostprocessing = 0;
		};
/* End PBXResourcesBuildPhase section */

/* Begin PBXSourcesBuildPhase section */
		268520B12D1D5F7D002517EC /* Sources */ = {
			isa = PBXSourcesBuildPhase;
			buildActionMask = 2147483647;
			files = (
			);
			runOnlyForDeploymentPostprocessing = 0;
		};
		268520C02D1D5F7F002517EC /* Sources */ = {
			isa = PBXSourcesBuildPhase;
			buildActionMask = 2147483647;
			files = (
			);
			runOnlyForDeploymentPostprocessing = 0;
		};
		268520CA2D1D5F7F002517EC /* Sources */ = {
			isa = PBXSourcesBuildPhase;
			buildActionMask = 2147483647;
			files = (
			);
			runOnlyForDeploymentPostprocessing = 0;
		};
/* End PBXSourcesBuildPhase section */

/* Begin PBXTargetDependency section */
		268520C62D1D5F7F002517EC /* PBXTargetDependency */ = {
			isa = PBXTargetDependency;
			target = 268520B42D1D5F7D002517EC /* TestOpenAlias */;
			targetProxy = 268520C52D1D5F7F002517EC /* PBXContainerItemProxy */;
		};
		268520D02D1D5F7F002517EC /* PBXTargetDependency */ = {
			isa = PBXTargetDependency;
			target = 268520B42D1D5F7D002517EC /* TestOpenAlias */;
			targetProxy = 268520CF2D1D5F7F002517EC /* PBXContainerItemProxy */;
		};
/* End PBXTargetDependency section */

/* Begin XCBuildConfiguration section */
		268520D62D1D5F7F002517EC /* Debug */ = {
			isa = XCBuildConfiguration;
			buildSettings = {
				ALWAYS_SEARCH_USER_PATHS = NO;
				ASSETCATALOG_COMPILER_GENERATE_SWIFT_ASSET_SYMBOL_EXTENSIONS = YES;
				CLANG_ANALYZER_NONNULL = YES;
				CLANG_ANALYZER_NUMBER_OBJECT_CONVERSION = YES_AGGRESSIVE;
				CLANG_CXX_LANGUAGE_STANDARD = "gnu++20";
				CLANG_ENABLE_MODULES = YES;
				CLANG_ENABLE_OBJC_ARC = YES;
				CLANG_ENABLE_OBJC_WEAK = YES;
				CLANG_WARN_BLOCK_CAPTURE_AUTORELEASING = YES;
				CLANG_WARN_BOOL_CONVERSION = YES;
				CLANG_WARN_COMMA = YES;
				CLANG_WARN_CONSTANT_CONVERSION = YES;
				CLANG_WARN_DEPRECATED_OBJC_IMPLEMENTATIONS = YES;
				CLANG_WARN_DIRECT_OBJC_ISA_USAGE = YES_ERROR;
				CLANG_WARN_DOCUMENTATION_COMMENTS = YES;
				CLANG_WARN_EMPTY_BODY = YES;
				CLANG_WARN_ENUM_CONVERSION = YES;
				CLANG_WARN_INFINITE_RECURSION = YES;
				CLANG_WARN_INT_CONVERSION = YES;
				CLANG_WARN_NON_LITERAL_NULL_CONVERSION = YES;
				CLANG_WARN_OBJC_IMPLICIT_RETAIN_SELF = YES;
				CLANG_WARN_OBJC_LITERAL_CONVERSION = YES;
				CLANG_WARN_OBJC_ROOT_CLASS = YES_ERROR;
				CLANG_WARN_QUOTED_INCLUDE_IN_FRAMEWORK_HEADER = YES;
				CLANG_WARN_RANGE_LOOP_ANALYSIS = YES;
				CLANG_WARN_STRICT_PROTOTYPES = YES;
				CLANG_WARN_SUSPICIOUS_MOVE = YES;
				CLANG_WARN_UNGUARDED_AVAILABILITY = YES_AGGRESSIVE;
				CLANG_WARN_UNREACHABLE_CODE = YES;
				CLANG_WARN__DUPLICATE_METHOD_MATCH = YES;
				COPY_PHASE_STRIP = NO;
				DEBUG_INFORMATION_FORMAT = dwarf;
				ENABLE_STRICT_OBJC_MSGSEND = YES;
				ENABLE_TESTABILITY = YES;
				ENABLE_USER_SCRIPT_SANDBOXING = YES;
				GCC_C_LANGUAGE_STANDARD = gnu17;
				GCC_DYNAMIC_NO_PIC = NO;
				GCC_NO_COMMON_BLOCKS = YES;
				GCC_OPTIMIZATION_LEVEL = 0;
				GCC_PREPROCESSOR_DEFINITIONS = (
					"DEBUG=1",
					"$(inherited)",
				);
				GCC_WARN_64_TO_32_BIT_CONVERSION = YES;
				GCC_WARN_ABOUT_RETURN_TYPE = YES_ERROR;
				GCC_WARN_UNDECLARED_SELECTOR = YES;
				GCC_WARN_UNINITIALIZED_AUTOS = YES_AGGRESSIVE;
				GCC_WARN_UNUSED_FUNCTION = YES;
				GCC_WARN_UNUSED_VARIABLE = YES;
				LOCALIZATION_PREFERS_STRING_CATALOGS = YES;
				MACOSX_DEPLOYMENT_TARGET = 14.7;
				MTL_ENABLE_DEBUG_INFO = INCLUDE_SOURCE;
				MTL_FAST_MATH = YES;
				ONLY_ACTIVE_ARCH = YES;
				SDKROOT = macosx;
				SWIFT_ACTIVE_COMPILATION_CONDITIONS = "DEBUG $(inherited)";
				SWIFT_OPTIMIZATION_LEVEL = "-Onone";
			};
			name = Debug;
		};
		268520D72D1D5F7F002517EC /* Release */ = {
			isa = XCBuildConfiguration;
			buildSettings = {
				ALWAYS_SEARCH_USER_PATHS = NO;
				ASSETCATALOG_COMPILER_GENERATE_SWIFT_ASSET_SYMBOL_EXTENSIONS = YES;
				CLANG_ANALYZER_NONNULL = YES;
				CLANG_ANALYZER_NUMBER_OBJECT_CONVERSION = YES_AGGRESSIVE;
				CLANG_CXX_LANGUAGE_STANDARD = "gnu++20";
				CLANG_ENABLE_MODULES = YES;
				CLANG_ENABLE_OBJC_ARC = YES;
				CLANG_ENABLE_OBJC_WEAK = YES;
				CLANG_WARN_BLOCK_CAPTURE_AUTORELEASING = YES;
				CLANG_WARN_BOOL_CONVERSION = YES;
				CLANG_WARN_COMMA = YES;
				CLANG_WARN_CONSTANT_CONVERSION = YES;
				CLANG_WARN_DEPRECATED_OBJC_IMPLEMENTATIONS = YES;
				CLANG_WARN_DIRECT_OBJC_ISA_USAGE = YES_ERROR;
				CLANG_WARN_DOCUMENTATION_COMMENTS = YES;
				CLANG_WARN_EMPTY_BODY = YES;
				CLANG_WARN_ENUM_CONVERSION = YES;
				CLANG_WARN_INFINITE_RECURSION = YES;
				CLANG_WARN_INT_CONVERSION = YES;
				CLANG_WARN_NON_LITERAL_NULL_CONVERSION = YES;
				CLANG_WARN_OBJC_IMPLICIT_RETAIN_SELF = YES;
				CLANG_WARN_OBJC_LITERAL_CONVERSION = YES;
				CLANG_WARN_OBJC_ROOT_CLASS = YES_ERROR;
				CLANG_WARN_QUOTED_INCLUDE_IN_FRAMEWORK_HEADER = YES;
				CLANG_WARN_RANGE_LOOP_ANALYSIS = YES;
				CLANG_WARN_STRICT_PROTOTYPES = YES;
				CLANG_WARN_SUSPICIOUS_MOVE = YES;
				CLANG_WARN_UNGUARDED_AVAILABILITY = YES_AGGRESSIVE;
				CLANG_WARN_UNREACHABLE_CODE = YES;
				CLANG_WARN__DUPLICATE_METHOD_MATCH = YES;
				COPY_PHASE_STRIP = NO;
				DEBUG_INFORMATION_FORMAT = "dwarf-with-dsym";
				ENABLE_NS_ASSERTIONS = NO;
				ENABLE_STRICT_OBJC_MSGSEND = YES;
				ENABLE_USER_SCRIPT_SANDBOXING = YES;
				GCC_C_LANGUAGE_STANDARD = gnu17;
				GCC_NO_COMMON_BLOCKS = YES;
				GCC_WARN_64_TO_32_BIT_CONVERSION = YES;
				GCC_WARN_ABOUT_RETURN_TYPE = YES_ERROR;
				GCC_WARN_UNDECLARED_SELECTOR = YES;
				GCC_WARN_UNINITIALIZED_AUTOS = YES_AGGRESSIVE;
				GCC_WARN_UNUSED_FUNCTION = YES;
				GCC_WARN_UNUSED_VARIABLE = YES;
				LOCALIZATION_PREFERS_STRING_CATALOGS = YES;
				MACOSX_DEPLOYMENT_TARGET = 14.7;
				MTL_ENABLE_DEBUG_INFO = NO;
				MTL_FAST_MATH = YES;
				SDKROOT = macosx;
				SWIFT_COMPILATION_MODE = wholemodule;
			};
			name = Release;
		};
		268520D92D1D5F7F002517EC /* Debug */ = {
			isa = XCBuildConfiguration;
			buildSettings = {
				ASSETCATALOG_COMPILER_APPICON_NAME = AppIcon;
				ASSETCATALOG_COMPILER_GLOBAL_ACCENT_COLOR_NAME = AccentColor;
				CODE_SIGN_ENTITLEMENTS = TestOpenAlias/TestOpenAlias.entitlements;
				CODE_SIGN_STYLE = Automatic;
				COMBINE_HIDPI_IMAGES = YES;
				CURRENT_PROJECT_VERSION = 1;
				DEVELOPMENT_TEAM = P8TSSKQDC4;
				ENABLE_HARDENED_RUNTIME = YES;
				GENERATE_INFOPLIST_FILE = YES;
				INFOPLIST_KEY_NSHumanReadableCopyright = "";
				INFOPLIST_KEY_NSMainNibFile = MainMenu;
				INFOPLIST_KEY_NSPrincipalClass = NSApplication;
				LD_RUNPATH_SEARCH_PATHS = (
					"$(inherited)",
					"@executable_path/../Frameworks",
				);
				MARKETING_VERSION = 1.0;
				PRODUCT_BUNDLE_IDENTIFIER = de.LegoEsprit.TestOpenAlias;
				PRODUCT_NAME = "$(TARGET_NAME)";
				SWIFT_EMIT_LOC_STRINGS = YES;
				SWIFT_VERSION = 5.0;
			};
			name = Debug;
		};
		268520DA2D1D5F7F002517EC /* Release */ = {
			isa = XCBuildConfiguration;
			buildSettings = {
				ASSETCATALOG_COMPILER_APPICON_NAME = AppIcon;
				ASSETCATALOG_COMPILER_GLOBAL_ACCENT_COLOR_NAME = AccentColor;
				CODE_SIGN_ENTITLEMENTS = TestOpenAlias/TestOpenAlias.entitlements;
				CODE_SIGN_STYLE = Automatic;
				COMBINE_HIDPI_IMAGES = YES;
				CURRENT_PROJECT_VERSION = 1;
				DEVELOPMENT_TEAM = P8TSSKQDC4;
				ENABLE_HARDENED_RUNTIME = YES;
				GENERATE_INFOPLIST_FILE = YES;
				INFOPLIST_KEY_NSHumanReadableCopyright = "";
				INFOPLIST_KEY_NSMainNibFile = MainMenu;
				INFOPLIST_KEY_NSPrincipalClass = NSApplication;
				LD_RUNPATH_SEARCH_PATHS = (
					"$(inherited)",
					"@executable_path/../Frameworks",
				);
				MARKETING_VERSION = 1.0;
				PRODUCT_BUNDLE_IDENTIFIER = de.LegoEsprit.TestOpenAlias;
				PRODUCT_NAME = "$(TARGET_NAME)";
				SWIFT_EMIT_LOC_STRINGS = YES;
				SWIFT_VERSION = 5.0;
			};
			name = Release;
		};
		268520DC2D1D5F7F002517EC /* Debug */ = {
			isa = XCBuildConfiguration;
			buildSettings = {
				BUNDLE_LOADER = "$(TEST_HOST)";
				CODE_SIGN_STYLE = Automatic;
				CURRENT_PROJECT_VERSION = 1;
				DEVELOPMENT_TEAM = P8TSSKQDC4;
				GENERATE_INFOPLIST_FILE = YES;
				MACOSX_DEPLOYMENT_TARGET = 14.7;
				MARKETING_VERSION = 1.0;
				PRODUCT_BUNDLE_IDENTIFIER = de.LegoEsprit.TestOpenAliasTests;
				PRODUCT_NAME = "$(TARGET_NAME)";
				SWIFT_EMIT_LOC_STRINGS = NO;
				SWIFT_VERSION = 5.0;
				TEST_HOST = "$(BUILT_PRODUCTS_DIR)/TestOpenAlias.app/$(BUNDLE_EXECUTABLE_FOLDER_PATH)/TestOpenAlias";
			};
			name = Debug;
		};
		268520DD2D1D5F7F002517EC /* Release */ = {
			isa = XCBuildConfiguration;
			buildSettings = {
				BUNDLE_LOADER = "$(TEST_HOST)";
				CODE_SIGN_STYLE = Automatic;
				CURRENT_PROJECT_VERSION = 1;
				DEVELOPMENT_TEAM = P8TSSKQDC4;
				GENERATE_INFOPLIST_FILE = YES;
				MACOSX_DEPLOYMENT_TARGET = 14.7;
				MARKETING_VERSION = 1.0;
				PRODUCT_BUNDLE_IDENTIFIER = de.LegoEsprit.TestOpenAliasTests;
				PRODUCT_NAME = "$(TARGET_NAME)";
				SWIFT_EMIT_LOC_STRINGS = NO;
				SWIFT_VERSION = 5.0;
				TEST_HOST = "$(BUILT_PRODUCTS_DIR)/TestOpenAlias.app/$(BUNDLE_EXECUTABLE_FOLDER_PATH)/TestOpenAlias";
			};
			name = Release;
		};
		268520DF2D1D5F7F002517EC /* Debug */ = {
			isa = XCBuildConfiguration;
			buildSettings = {
				CODE_SIGN_STYLE = Automatic;
				CURRENT_PROJECT_VERSION = 1;
				DEVELOPMENT_TEAM = P8TSSKQDC4;
				GENERATE_INFOPLIST_FILE = YES;
				MARKETING_VERSION = 1.0;
				PRODUCT_BUNDLE_IDENTIFIER = de.LegoEsprit.TestOpenAliasUITests;
				PRODUCT_NAME = "$(TARGET_NAME)";
				SWIFT_EMIT_LOC_STRINGS = NO;
				SWIFT_VERSION = 5.0;
				TEST_TARGET_NAME = TestOpenAlias;
			};
			name = Debug;
		};
		268520E02D1D5F7F002517EC /* Release */ = {
			isa = XCBuildConfiguration;
			buildSettings = {
				CODE_SIGN_STYLE = Automatic;
				CURRENT_PROJECT_VERSION = 1;
				DEVELOPMENT_TEAM = P8TSSKQDC4;
				GENERATE_INFOPLIST_FILE = YES;
				MARKETING_VERSION = 1.0;
				PRODUCT_BUNDLE_IDENTIFIER = de.LegoEsprit.TestOpenAliasUITests;
				PRODUCT_NAME = "$(TARGET_NAME)";
				SWIFT_EMIT_LOC_STRINGS = NO;
				SWIFT_VERSION = 5.0;
				TEST_TARGET_NAME = TestOpenAlias;
			};
			name = Release;
		};
/* End XCBuildConfiguration section */

/* Begin XCConfigurationList section */
		268520B02D1D5F7D002517EC /* Build configuration list for PBXProject "TestOpenAlias" */ = {
			isa = XCConfigurationList;
			buildConfigurations = (
				268520D62D1D5F7F002517EC /* Debug */,
				268520D72D1D5F7F002517EC /* Release */,
			);
			defaultConfigurationIsVisible = 0;
			defaultConfigurationName = Release;
		};
		268520D82D1D5F7F002517EC /* Build configuration list for PBXNativeTarget "TestOpenAlias" */ = {
			isa = XCConfigurationList;
			buildConfigurations = (
				268520D92D1D5F7F002517EC /* Debug */,
				268520DA2D1D5F7F002517EC /* Release */,
			);
			defaultConfigurationIsVisible = 0;
			defaultConfigurationName = Release;
		};
		268520DB2D1D5F7F002517EC /* Build configuration list for PBXNativeTarget "TestOpenAliasTests" */ = {
			isa = XCConfigurationList;
			buildConfigurations = (
				268520DC2D1D5F7F002517EC /* Debug */,
				268520DD2D1D5F7F002517EC /* Release */,
			);
			defaultConfigurationIsVisible = 0;
			defaultConfigurationName = Release;
		};
		268520DE2D1D5F7F002517EC /* Build configuration list for PBXNativeTarget "TestOpenAliasUITests" */ = {
			isa = XCConfigurationList;
			buildConfigurations = (
				268520DF2D1D5F7F002517EC /* Debug */,
				268520E02D1D5F7F002517EC /* Release */,
			);
			defaultConfigurationIsVisible = 0;
			defaultConfigurationName = Release;
		};
/* End XCConfigurationList section */
	};
	rootObject = 268520AD2D1D5F7D002517EC /* Project object */;
}
